
Microsoft Visual Studio Solution File, Format Version 12.00
# Visual Studio 15
Project("{FAE04EC0-301F-11D3-BF4B-00C04F79EFBC}") = "UnityEngine.TestRunner", "UnityEngine.TestRunner.csproj", "{200D7876-F92D-0D1D-18BC-CA62188D5213}"
EndProject
Project("{FAE04EC0-301F-11D3-BF4B-00C04F79EFBC}") = "UnityEngine.UI", "UnityEngine.UI.csproj", "{2F9F85CF-D9FA-7267-0D78-407161E2B6E9}"
EndProject
Project("{FAE04EC0-301F-11D3-BF4B-00C04F79EFBC}") = "Unity.VisualScripting.Flow", "Unity.VisualScripting.Flow.csproj", "{C2851649-4254-422B-34A9-82D0450659C2}"
EndProject
Project("{FAE04EC0-301F-11D3-BF4B-00C04F79EFBC}") = "Unity.Services.Core.Telemetry", "Unity.Services.Core.Telemetry.csproj", "{9DD3C163-1F5B-DDC6-459C-FE96F9D5D949}"
EndProject
Project("{FAE04EC0-301F-11D3-BF4B-00C04F79EFBC}") = "Unity.VisualScripting.State", "Unity.VisualScripting.State.csproj", "{6E5FA95E-A6E1-27D4-4481-EE47DE69FC5F}"
EndProject
Project("{FAE04EC0-301F-11D3-BF4B-00C04F79EFBC}") = "Unity.VisualScripting.Core", "Unity.VisualScripting.Core.csproj", "{40E79954-90CE-E94F-4724-14154A26451E}"
EndProject
Project("{FAE04EC0-301F-11D3-BF4B-00C04F79EFBC}") = "Unity.Services.Core.Environments.Internal", "Unity.Services.Core.Environments.Internal.csproj", "{955B0B71-28C9-D15D-DB25-8B763545D21B}"
EndProject
Project("{FAE04EC0-301F-11D3-BF4B-00C04F79EFBC}") = "Unity.TextMeshPro", "Unity.TextMeshPro.csproj", "{177FA662-D148-735B-EBEF-CEE26F11EB26}"
EndProject
Project("{FAE04EC0-301F-11D3-BF4B-00C04F79EFBC}") = "Unity.Timeline", "Unity.Timeline.csproj", "{02EB40F8-64E0-620C-0573-2A0CA2761215}"
EndProject
Project("{FAE04EC0-301F-11D3-BF4B-00C04F79EFBC}") = "Unity.Services.Core", "Unity.Services.Core.csproj", "{09FC8094-0C03-31A8-E665-9BF1C329B275}"
EndProject
Project("{FAE04EC0-301F-11D3-BF4B-00C04F79EFBC}") = "Unity.Services.Core.Environments", "Unity.Services.Core.Environments.csproj", "{119F9D9E-4175-B2EE-94F8-88AAE29FC884}"
EndProject
Project("{FAE04EC0-301F-11D3-BF4B-00C04F79EFBC}") = "Unity.Services.Core.Internal", "Unity.Services.Core.Internal.csproj", "{9854FC72-52E5-7475-8439-FCDE7E53B866}"
EndProject
Project("{FAE04EC0-301F-11D3-BF4B-00C04F79EFBC}") = "Unity.Services.Core.Analytics", "Unity.Services.Core.Analytics.csproj", "{2950ACFD-3507-B8D5-131E-81B40A007B99}"
EndProject
Project("{FAE04EC0-301F-11D3-BF4B-00C04F79EFBC}") = "Unity.Services.Core.Scheduler", "Unity.Services.Core.Scheduler.csproj", "{F77E270A-F054-042F-9BCF-EABF990AFC30}"
EndProject
Project("{FAE04EC0-301F-11D3-BF4B-00C04F79EFBC}") = "Assembly-CSharp", "Assembly-CSharp.csproj", "{177895CB-4F47-3755-436B-A776DA2B4B54}"
EndProject
Project("{FAE04EC0-301F-11D3-BF4B-00C04F79EFBC}") = "Unity.Services.Core.Registration", "Unity.Services.Core.Registration.csproj", "{86D1B31B-F8B2-CC73-FC6B-82E3CCE265C9}"
EndProject
Project("{FAE04EC0-301F-11D3-BF4B-00C04F79EFBC}") = "Unity.Services.Core.Device", "Unity.Services.Core.Device.csproj", "{53F66B98-F74B-7330-103F-D9DAAF19E670}"
EndProject
Project("{FAE04EC0-301F-11D3-BF4B-00C04F79EFBC}") = "Unity.Services.Core.Threading", "Unity.Services.Core.Threading.csproj", "{D88077E4-33B8-C35E-68F7-33FD94D50D4A}"
EndProject
Project("{FAE04EC0-301F-11D3-BF4B-00C04F79EFBC}") = "Unity.Services.Core.Networking", "Unity.Services.Core.Networking.csproj", "{4CECCC55-C2F4-762E-02CB-1C318C8C648B}"
EndProject
Project("{FAE04EC0-301F-11D3-BF4B-00C04F79EFBC}") = "Unity.Services.Core.Configuration", "Unity.Services.Core.Configuration.csproj", "{C33B6617-3645-246C-59B6-DA7D71B6F27A}"
EndProject
Project("{FAE04EC0-301F-11D3-BF4B-00C04F79EFBC}") = "Unity.PlasticSCM.Editor", "Unity.PlasticSCM.Editor.csproj", "{D776D41D-7A88-4FD5-1CCB-7D4FC0BE35D8}"
EndProject
Project("{FAE04EC0-301F-11D3-BF4B-00C04F79EFBC}") = "Unity.VisualScripting.Core.Editor", "Unity.VisualScripting.Core.Editor.csproj", "{2368B607-B890-CE0E-33EA-57DB883E8ED8}"
EndProject
Project("{FAE04EC0-301F-11D3-BF4B-00C04F79EFBC}") = "Unity.VisualScripting.Flow.Editor", "Unity.VisualScripting.Flow.Editor.csproj", "{CB389A2E-5851-1955-EC28-3CCA9107D9D6}"
EndProject
Project("{FAE04EC0-301F-11D3-BF4B-00C04F79EFBC}") = "Unity.VisualStudio.Editor", "Unity.VisualStudio.Editor.csproj", "{665CF933-D44F-1CBF-822E-246F53F3FA6D}"
EndProject
Project("{FAE04EC0-301F-11D3-BF4B-00C04F79EFBC}") = "Unity.Timeline.Editor", "Unity.Timeline.Editor.csproj", "{215B124D-80F3-E385-15C5-EF079A91007A}"
EndProject
Project("{FAE04EC0-301F-11D3-BF4B-00C04F79EFBC}") = "Unity.VisualScripting.State.Editor", "Unity.VisualScripting.State.Editor.csproj", "{78DD623A-9483-65C0-4048-775E4361E336}"
EndProject
Project("{FAE04EC0-301F-11D3-BF4B-00C04F79EFBC}") = "Unity.TextMeshPro.Editor", "Unity.TextMeshPro.Editor.csproj", "{ACDF8AB6-DC0B-841B-EAF5-49231DD60FD8}"
EndProject
Project("{FAE04EC0-301F-11D3-BF4B-00C04F79EFBC}") = "Unity.VisualScripting.SettingsProvider.Editor", "Unity.VisualScripting.SettingsProvider.Editor.csproj", "{A4771A5B-DFB2-AF9E-9331-E64FCFF54709}"
EndProject
Project("{FAE04EC0-301F-11D3-BF4B-00C04F79EFBC}") = "Unity.CollabProxy.Editor", "Unity.CollabProxy.Editor.csproj", "{F2727AD1-DA8B-42B5-C1BB-8E26889D26A5}"
EndProject
Project("{FAE04EC0-301F-11D3-BF4B-00C04F79EFBC}") = "UnityEditor.TestRunner", "UnityEditor.TestRunner.csproj", "{9FC02408-4CA1-257A-1BCA-E9C80AF7D14E}"
EndProject
Project("{FAE04EC0-301F-11D3-BF4B-00C04F79EFBC}") = "Unity.Services.Core.Editor", "Unity.Services.Core.Editor.csproj", "{2FA04005-B319-18CE-BA32-8B5BF013070E}"
EndProject
Project("{FAE04EC0-301F-11D3-BF4B-00C04F79EFBC}") = "Unity.TestTools.CodeCoverage.Editor", "Unity.TestTools.CodeCoverage.Editor.csproj", "{FC7324AE-C15D-03BA-1CB0-08E58AE27D2A}"
EndProject
Project("{FAE04EC0-301F-11D3-BF4B-00C04F79EFBC}") = "Unity.Rider.Editor", "Unity.Rider.Editor.csproj", "{5726EBBD-C166-7548-1DFD-3CF29A3EFA8D}"
EndProject
Project("{FAE04EC0-301F-11D3-BF4B-00C04F79EFBC}") = "Unity.Performance.Profile-Analyzer.Editor", "Unity.Performance.Profile-Analyzer.Editor.csproj", "{44EFE722-CB53-E091-8C46-592E12D98CB1}"
EndProject
Project("{FAE04EC0-301F-11D3-BF4B-00C04F79EFBC}") = "Unity.VSCode.Editor", "Unity.VSCode.Editor.csproj", "{A248CC8A-0197-F1E3-F135-803540A1ADEB}"
EndProject
Project("{FAE04EC0-301F-11D3-BF4B-00C04F79EFBC}") = "UnityEditor.UI", "UnityEditor.UI.csproj", "{D5434E43-8401-94C2-B9FA-2F284F2C2A1B}"
EndProject
Project("{FAE04EC0-301F-11D3-BF4B-00C04F79EFBC}") = "Unity.TestTools.CodeCoverage.Editor.OpenCover.Model", "Unity.TestTools.CodeCoverage.Editor.OpenCover.Model.csproj", "{C7B3DEA8-9EED-D3C4-5EB8-F76355F0F26C}"
EndProject
Project("{FAE04EC0-301F-11D3-BF4B-00C04F79EFBC}") = "Unity.EditorCoroutines.Editor", "Unity.EditorCoroutines.Editor.csproj", "{707B1832-7172-1A72-411B-4B131420610C}"
EndProject
Project("{FAE04EC0-301F-11D3-BF4B-00C04F79EFBC}") = "Unity.Settings.Editor", "Unity.Settings.Editor.csproj", "{A6A217BF-9263-831E-347E-528A3423364A}"
EndProject
Project("{FAE04EC0-301F-11D3-BF4B-00C04F79EFBC}") = "Unity.Services.Core.Configuration.Editor", "Unity.Services.Core.Configuration.Editor.csproj", "{CB4C61C7-80E8-587F-1FDA-E29F490EF395}"
EndProject
Project("{FAE04EC0-301F-11D3-BF4B-00C04F79EFBC}") = "Unity.TestTools.CodeCoverage.Editor.OpenCover.Mono.Reflection", "Unity.TestTools.CodeCoverage.Editor.OpenCover.Mono.Reflection.csproj", "{010C1D12-0AE3-7448-F9B8-0BBCD272C796}"
EndProject
Project("{FAE04EC0-301F-11D3-BF4B-00C04F79EFBC}") = "Unity.VisualScripting.Shared.Editor", "Unity.VisualScripting.Shared.Editor.csproj", "{E9A03443-F62A-02BD-068E-138B2C00DD7A}"
EndProject
Project("{FAE04EC0-301F-11D3-BF4B-00C04F79EFBC}") = "UnityEngine.TestRunner", "UnityEngine.TestRunner.Player.csproj", "{FB536524-0FE2-06EE-7098-21CBE275670B}"
EndProject
Project("{FAE04EC0-301F-11D3-BF4B-00C04F79EFBC}") = "UnityEngine.UI", "UnityEngine.UI.Player.csproj", "{1F8DA50C-D6FE-A985-3E22-AF68D305859F}"
EndProject
Project("{FAE04EC0-301F-11D3-BF4B-00C04F79EFBC}") = "Unity.VisualScripting.Flow", "Unity.VisualScripting.Flow.Player.csproj", "{7DE0022F-D795-E5F3-2627-7F44F06BBA6E}"
EndProject
Project("{FAE04EC0-301F-11D3-BF4B-00C04F79EFBC}") = "Unity.Services.Core.Telemetry", "Unity.Services.Core.Telemetry.Player.csproj", "{27FB83DD-6565-7BB9-5157-A6398F3AD895}"
EndProject
Project("{FAE04EC0-301F-11D3-BF4B-00C04F79EFBC}") = "Unity.VisualScripting.State", "Unity.VisualScripting.State.Player.csproj", "{9A6CE57B-F51E-C547-8F1A-AD452897744E}"
EndProject
Project("{FAE04EC0-301F-11D3-BF4B-00C04F79EFBC}") = "Unity.VisualScripting.Core", "Unity.VisualScripting.Core.Player.csproj", "{44265F70-221E-05FD-4F67-ED163B96F998}"
EndProject
Project("{FAE04EC0-301F-11D3-BF4B-00C04F79EFBC}") = "Unity.Services.Core.Environments.Internal", "Unity.Services.Core.Environments.Internal.Player.csproj", "{DA5487B6-8700-5DC6-D984-C19F0C208513}"
EndProject
Project("{FAE04EC0-301F-11D3-BF4B-00C04F79EFBC}") = "Unity.TextMeshPro", "Unity.TextMeshPro.Player.csproj", "{735A0208-D2EF-2ED9-16D9-2A20A8C08363}"
EndProject
Project("{FAE04EC0-301F-11D3-BF4B-00C04F79EFBC}") = "Unity.Timeline", "Unity.Timeline.Player.csproj", "{D95C4797-1292-44FC-B1D3-E3F02902B541}"
EndProject
Project("{FAE04EC0-301F-11D3-BF4B-00C04F79EFBC}") = "Unity.Services.Core", "Unity.Services.Core.Player.csproj", "{721586B7-C9C0-702C-771F-393F5A655E2A}"
EndProject
Project("{FAE04EC0-301F-11D3-BF4B-00C04F79EFBC}") = "Unity.Services.Core.Environments", "Unity.Services.Core.Environments.Player.csproj", "{E27E1759-4946-848F-613A-B367AD9DE55A}"
EndProject
Project("{FAE04EC0-301F-11D3-BF4B-00C04F79EFBC}") = "Unity.Services.Core.Internal", "Unity.Services.Core.Internal.Player.csproj", "{BF997DCB-D774-64D6-778A-9BA92B181A66}"
EndProject
Project("{FAE04EC0-301F-11D3-BF4B-00C04F79EFBC}") = "Unity.Services.Core.Analytics", "Unity.Services.Core.Analytics.Player.csproj", "{D58C5C76-4FA0-B300-D2A7-0CF4A94CC5C4}"
EndProject
Project("{FAE04EC0-301F-11D3-BF4B-00C04F79EFBC}") = "Unity.Services.Core.Scheduler", "Unity.Services.Core.Scheduler.Player.csproj", "{140E6BDE-2151-EE31-5533-D41C83D9BABB}"
EndProject
Project("{FAE04EC0-301F-11D3-BF4B-00C04F79EFBC}") = "Assembly-CSharp", "Assembly-CSharp.Player.csproj", "{DFA9B6AC-086F-329A-2D1E-A2F5D95A253E}"
EndProject
Project("{FAE04EC0-301F-11D3-BF4B-00C04F79EFBC}") = "Unity.Services.Core.Registration", "Unity.Services.Core.Registration.Player.csproj", "{314CD95A-41A3-ED3A-4246-69B580D22467}"
EndProject
Project("{FAE04EC0-301F-11D3-BF4B-00C04F79EFBC}") = "Unity.Services.Core.Device", "Unity.Services.Core.Device.Player.csproj", "{B1CB8B0A-BF97-440A-A341-7CD7CA80E492}"
EndProject
Project("{FAE04EC0-301F-11D3-BF4B-00C04F79EFBC}") = "Unity.Services.Core.Threading", "Unity.Services.Core.Threading.Player.csproj", "{AE8593DE-F3F8-738B-0B60-E32119A2698D}"
EndProject
Project("{FAE04EC0-301F-11D3-BF4B-00C04F79EFBC}") = "Unity.Services.Core.Networking", "Unity.Services.Core.Networking.Player.csproj", "{1CCE666C-526E-4410-646C-3B02A5C4EBCE}"
EndProject
Project("{FAE04EC0-301F-11D3-BF4B-00C04F79EFBC}") = "Unity.Services.Core.Configuration", "Unity.Services.Core.Configuration.Player.csproj", "{E1A58EEB-074A-A677-8799-E1D845FBC911}"
EndProject
Global
	GlobalSection(SolutionConfigurationPlatforms) = preSolution
		Debug|Any CPU = Debug|Any CPU
		Release|Any CPU = Release|Any CPU
	EndGlobalSection
	GlobalSection(ProjectConfigurationPlatforms) = postSolution
		{200D7876-F92D-0D1D-18BC-CA62188D5213}.Debug|Any CPU.ActiveCfg = Debug|Any CPU
		{200D7876-F92D-0D1D-18BC-CA62188D5213}.Debug|Any CPU.Build.0 = Debug|Any CPU
		{200D7876-F92D-0D1D-18BC-CA62188D5213}.Release|Any CPU.ActiveCfg = Release|Any CPU
		{200D7876-F92D-0D1D-18BC-CA62188D5213}.Release|Any CPU.Build.0 = Release|Any CPU
		{2F9F85CF-D9FA-7267-0D78-407161E2B6E9}.Debug|Any CPU.ActiveCfg = Debug|Any CPU
		{2F9F85CF-D9FA-7267-0D78-407161E2B6E9}.Debug|Any CPU.Build.0 = Debug|Any CPU
		{2F9F85CF-D9FA-7267-0D78-407161E2B6E9}.Release|Any CPU.ActiveCfg = Release|Any CPU
		{2F9F85CF-D9FA-7267-0D78-407161E2B6E9}.Release|Any CPU.Build.0 = Release|Any CPU
		{C2851649-4254-422B-34A9-82D0450659C2}.Debug|Any CPU.ActiveCfg = Debug|Any CPU
		{C2851649-4254-422B-34A9-82D0450659C2}.Debug|Any CPU.Build.0 = Debug|Any CPU
		{C2851649-4254-422B-34A9-82D0450659C2}.Release|Any CPU.ActiveCfg = Release|Any CPU
		{C2851649-4254-422B-34A9-82D0450659C2}.Release|Any CPU.Build.0 = Release|Any CPU
		{9DD3C163-1F5B-DDC6-459C-FE96F9D5D949}.Debug|Any CPU.ActiveCfg = Debug|Any CPU
		{9DD3C163-1F5B-DDC6-459C-FE96F9D5D949}.Debug|Any CPU.Build.0 = Debug|Any CPU
		{9DD3C163-1F5B-DDC6-459C-FE96F9D5D949}.Release|Any CPU.ActiveCfg = Release|Any CPU
		{9DD3C163-1F5B-DDC6-459C-FE96F9D5D949}.Release|Any CPU.Build.0 = Release|Any CPU
		{6E5FA95E-A6E1-27D4-4481-EE47DE69FC5F}.Debug|Any CPU.ActiveCfg = Debug|Any CPU
		{6E5FA95E-A6E1-27D4-4481-EE47DE69FC5F}.Debug|Any CPU.Build.0 = Debug|Any CPU
		{6E5FA95E-A6E1-27D4-4481-EE47DE69FC5F}.Release|Any CPU.ActiveCfg = Release|Any CPU
		{6E5FA95E-A6E1-27D4-4481-EE47DE69FC5F}.Release|Any CPU.Build.0 = Release|Any CPU
		{40E79954-90CE-E94F-4724-14154A26451E}.Debug|Any CPU.ActiveCfg = Debug|Any CPU
		{40E79954-90CE-E94F-4724-14154A26451E}.Debug|Any CPU.Build.0 = Debug|Any CPU
		{40E79954-90CE-E94F-4724-14154A26451E}.Release|Any CPU.ActiveCfg = Release|Any CPU
		{40E79954-90CE-E94F-4724-14154A26451E}.Release|Any CPU.Build.0 = Release|Any CPU
		{955B0B71-28C9-D15D-DB25-8B763545D21B}.Debug|Any CPU.ActiveCfg = Debug|Any CPU
		{955B0B71-28C9-D15D-DB25-8B763545D21B}.Debug|Any CPU.Build.0 = Debug|Any CPU
		{955B0B71-28C9-D15D-DB25-8B763545D21B}.Release|Any CPU.ActiveCfg = Release|Any CPU
		{955B0B71-28C9-D15D-DB25-8B763545D21B}.Release|Any CPU.Build.0 = Release|Any CPU
		{177FA662-D148-735B-EBEF-CEE26F11EB26}.Debug|Any CPU.ActiveCfg = Debug|Any CPU
		{177FA662-D148-735B-EBEF-CEE26F11EB26}.Debug|Any CPU.Build.0 = Debug|Any CPU
		{177FA662-D148-735B-EBEF-CEE26F11EB26}.Release|Any CPU.ActiveCfg = Release|Any CPU
		{177FA662-D148-735B-EBEF-CEE26F11EB26}.Release|Any CPU.Build.0 = Release|Any CPU
		{02EB40F8-64E0-620C-0573-2A0CA2761215}.Debug|Any CPU.ActiveCfg = Debug|Any CPU
		{02EB40F8-64E0-620C-0573-2A0CA2761215}.Debug|Any CPU.Build.0 = Debug|Any CPU
		{02EB40F8-64E0-620C-0573-2A0CA2761215}.Release|Any CPU.ActiveCfg = Release|Any CPU
		{02EB40F8-64E0-620C-0573-2A0CA2761215}.Release|Any CPU.Build.0 = Release|Any CPU
		{09FC8094-0C03-31A8-E665-9BF1C329B275}.Debug|Any CPU.ActiveCfg = Debug|Any CPU
		{09FC8094-0C03-31A8-E665-9BF1C329B275}.Debug|Any CPU.Build.0 = Debug|Any CPU
		{09FC8094-0C03-31A8-E665-9BF1C329B275}.Release|Any CPU.ActiveCfg = Release|Any CPU
		{09FC8094-0C03-31A8-E665-9BF1C329B275}.Release|Any CPU.Build.0 = Release|Any CPU
		{119F9D9E-4175-B2EE-94F8-88AAE29FC884}.Debug|Any CPU.ActiveCfg = Debug|Any CPU
		{119F9D9E-4175-B2EE-94F8-88AAE29FC884}.Debug|Any CPU.Build.0 = Debug|Any CPU
		{119F9D9E-4175-B2EE-94F8-88AAE29FC884}.Release|Any CPU.ActiveCfg = Release|Any CPU
		{119F9D9E-4175-B2EE-94F8-88AAE29FC884}.Release|Any CPU.Build.0 = Release|Any CPU
		{9854FC72-52E5-7475-8439-FCDE7E53B866}.Debug|Any CPU.ActiveCfg = Debug|Any CPU
		{9854FC72-52E5-7475-8439-FCDE7E53B866}.Debug|Any CPU.Build.0 = Debug|Any CPU
		{9854FC72-52E5-7475-8439-FCDE7E53B866}.Release|Any CPU.ActiveCfg = Release|Any CPU
		{9854FC72-52E5-7475-8439-FCDE7E53B866}.Release|Any CPU.Build.0 = Release|Any CPU
		{2950ACFD-3507-B8D5-131E-81B40A007B99}.Debug|Any CPU.ActiveCfg = Debug|Any CPU
		{2950ACFD-3507-B8D5-131E-81B40A007B99}.Debug|Any CPU.Build.0 = Debug|Any CPU
		{2950ACFD-3507-B8D5-131E-81B40A007B99}.Release|Any CPU.ActiveCfg = Release|Any CPU
		{2950ACFD-3507-B8D5-131E-81B40A007B99}.Release|Any CPU.Build.0 = Release|Any CPU
		{F77E270A-F054-042F-9BCF-EABF990AFC30}.Debug|Any CPU.ActiveCfg = Debug|Any CPU
		{F77E270A-F054-042F-9BCF-EABF990AFC30}.Debug|Any CPU.Build.0 = Debug|Any CPU
		{F77E270A-F054-042F-9BCF-EABF990AFC30}.Release|Any CPU.ActiveCfg = Release|Any CPU
		{F77E270A-F054-042F-9BCF-EABF990AFC30}.Release|Any CPU.Build.0 = Release|Any CPU
		{177895CB-4F47-3755-436B-A776DA2B4B54}.Debug|Any CPU.ActiveCfg = Debug|Any CPU
		{177895CB-4F47-3755-436B-A776DA2B4B54}.Debug|Any CPU.Build.0 = Debug|Any CPU
		{177895CB-4F47-3755-436B-A776DA2B4B54}.Release|Any CPU.ActiveCfg = Release|Any CPU
		{177895CB-4F47-3755-436B-A776DA2B4B54}.Release|Any CPU.Build.0 = Release|Any CPU
		{86D1B31B-F8B2-CC73-FC6B-82E3CCE265C9}.Debug|Any CPU.ActiveCfg = Debug|Any CPU
		{86D1B31B-F8B2-CC73-FC6B-82E3CCE265C9}.Debug|Any CPU.Build.0 = Debug|Any CPU
		{86D1B31B-F8B2-CC73-FC6B-82E3CCE265C9}.Release|Any CPU.ActiveCfg = Release|Any CPU
		{86D1B31B-F8B2-CC73-FC6B-82E3CCE265C9}.Release|Any CPU.Build.0 = Release|Any CPU
		{53F66B98-F74B-7330-103F-D9DAAF19E670}.Debug|Any CPU.ActiveCfg = Debug|Any CPU
		{53F66B98-F74B-7330-103F-D9DAAF19E670}.Debug|Any CPU.Build.0 = Debug|Any CPU
		{53F66B98-F74B-7330-103F-D9DAAF19E670}.Release|Any CPU.ActiveCfg = Release|Any CPU
		{53F66B98-F74B-7330-103F-D9DAAF19E670}.Release|Any CPU.Build.0 = Release|Any CPU
		{D88077E4-33B8-C35E-68F7-33FD94D50D4A}.Debug|Any CPU.ActiveCfg = Debug|Any CPU
		{D88077E4-33B8-C35E-68F7-33FD94D50D4A}.Debug|Any CPU.Build.0 = Debug|Any CPU
		{D88077E4-33B8-C35E-68F7-33FD94D50D4A}.Release|Any CPU.ActiveCfg = Release|Any CPU
		{D88077E4-33B8-C35E-68F7-33FD94D50D4A}.Release|Any CPU.Build.0 = Release|Any CPU
		{4CECCC55-C2F4-762E-02CB-1C318C8C648B}.Debug|Any CPU.ActiveCfg = Debug|Any CPU
		{4CECCC55-C2F4-762E-02CB-1C318C8C648B}.Debug|Any CPU.Build.0 = Debug|Any CPU
		{4CECCC55-C2F4-762E-02CB-1C318C8C648B}.Release|Any CPU.ActiveCfg = Release|Any CPU
		{4CECCC55-C2F4-762E-02CB-1C318C8C648B}.Release|Any CPU.Build.0 = Release|Any CPU
		{C33B6617-3645-246C-59B6-DA7D71B6F27A}.Debug|Any CPU.ActiveCfg = Debug|Any CPU
		{C33B6617-3645-246C-59B6-DA7D71B6F27A}.Debug|Any CPU.Build.0 = Debug|Any CPU
		{C33B6617-3645-246C-59B6-DA7D71B6F27A}.Release|Any CPU.ActiveCfg = Release|Any CPU
		{C33B6617-3645-246C-59B6-DA7D71B6F27A}.Release|Any CPU.Build.0 = Release|Any CPU
		{D776D41D-7A88-4FD5-1CCB-7D4FC0BE35D8}.Debug|Any CPU.ActiveCfg = Debug|Any CPU
		{D776D41D-7A88-4FD5-1CCB-7D4FC0BE35D8}.Debug|Any CPU.Build.0 = Debug|Any CPU
		{D776D41D-7A88-4FD5-1CCB-7D4FC0BE35D8}.Release|Any CPU.ActiveCfg = Release|Any CPU
		{D776D41D-7A88-4FD5-1CCB-7D4FC0BE35D8}.Release|Any CPU.Build.0 = Release|Any CPU
		{2368B607-B890-CE0E-33EA-57DB883E8ED8}.Debug|Any CPU.ActiveCfg = Debug|Any CPU
		{2368B607-B890-CE0E-33EA-57DB883E8ED8}.Debug|Any CPU.Build.0 = Debug|Any CPU
		{2368B607-B890-CE0E-33EA-57DB883E8ED8}.Release|Any CPU.ActiveCfg = Release|Any CPU
		{2368B607-B890-CE0E-33EA-57DB883E8ED8}.Release|Any CPU.Build.0 = Release|Any CPU
		{CB389A2E-5851-1955-EC28-3CCA9107D9D6}.Debug|Any CPU.ActiveCfg = Debug|Any CPU
		{CB389A2E-5851-1955-EC28-3CCA9107D9D6}.Debug|Any CPU.Build.0 = Debug|Any CPU
		{CB389A2E-5851-1955-EC28-3CCA9107D9D6}.Release|Any CPU.ActiveCfg = Release|Any CPU
		{CB389A2E-5851-1955-EC28-3CCA9107D9D6}.Release|Any CPU.Build.0 = Release|Any CPU
		{665CF933-D44F-1CBF-822E-246F53F3FA6D}.Debug|Any CPU.ActiveCfg = Debug|Any CPU
		{665CF933-D44F-1CBF-822E-246F53F3FA6D}.Debug|Any CPU.Build.0 = Debug|Any CPU
		{665CF933-D44F-1CBF-822E-246F53F3FA6D}.Release|Any CPU.ActiveCfg = Release|Any CPU
		{665CF933-D44F-1CBF-822E-246F53F3FA6D}.Release|Any CPU.Build.0 = Release|Any CPU
		{215B124D-80F3-E385-15C5-EF079A91007A}.Debug|Any CPU.ActiveCfg = Debug|Any CPU
		{215B124D-80F3-E385-15C5-EF079A91007A}.Debug|Any CPU.Build.0 = Debug|Any CPU
		{215B124D-80F3-E385-15C5-EF079A91007A}.Release|Any CPU.ActiveCfg = Release|Any CPU
		{215B124D-80F3-E385-15C5-EF079A91007A}.Release|Any CPU.Build.0 = Release|Any CPU
		{78DD623A-9483-65C0-4048-775E4361E336}.Debug|Any CPU.ActiveCfg = Debug|Any CPU
		{78DD623A-9483-65C0-4048-775E4361E336}.Debug|Any CPU.Build.0 = Debug|Any CPU
		{78DD623A-9483-65C0-4048-775E4361E336}.Release|Any CPU.ActiveCfg = Release|Any CPU
		{78DD623A-9483-65C0-4048-775E4361E336}.Release|Any CPU.Build.0 = Release|Any CPU
		{ACDF8AB6-DC0B-841B-EAF5-49231DD60FD8}.Debug|Any CPU.ActiveCfg = Debug|Any CPU
		{ACDF8AB6-DC0B-841B-EAF5-49231DD60FD8}.Debug|Any CPU.Build.0 = Debug|Any CPU
		{ACDF8AB6-DC0B-841B-EAF5-49231DD60FD8}.Release|Any CPU.ActiveCfg = Release|Any CPU
		{ACDF8AB6-DC0B-841B-EAF5-49231DD60FD8}.Release|Any CPU.Build.0 = Release|Any CPU
		{A4771A5B-DFB2-AF9E-9331-E64FCFF54709}.Debug|Any CPU.ActiveCfg = Debug|Any CPU
		{A4771A5B-DFB2-AF9E-9331-E64FCFF54709}.Debug|Any CPU.Build.0 = Debug|Any CPU
		{A4771A5B-DFB2-AF9E-9331-E64FCFF54709}.Release|Any CPU.ActiveCfg = Release|Any CPU
		{A4771A5B-DFB2-AF9E-9331-E64FCFF54709}.Release|Any CPU.Build.0 = Release|Any CPU
		{F2727AD1-DA8B-42B5-C1BB-8E26889D26A5}.Debug|Any CPU.ActiveCfg = Debug|Any CPU
		{F2727AD1-DA8B-42B5-C1BB-8E26889D26A5}.Debug|Any CPU.Build.0 = Debug|Any CPU
		{F2727AD1-DA8B-42B5-C1BB-8E26889D26A5}.Release|Any CPU.ActiveCfg = Release|Any CPU
		{F2727AD1-DA8B-42B5-C1BB-8E26889D26A5}.Release|Any CPU.Build.0 = Release|Any CPU
		{9FC02408-4CA1-257A-1BCA-E9C80AF7D14E}.Debug|Any CPU.ActiveCfg = Debug|Any CPU
		{9FC02408-4CA1-257A-1BCA-E9C80AF7D14E}.Debug|Any CPU.Build.0 = Debug|Any CPU
		{9FC02408-4CA1-257A-1BCA-E9C80AF7D14E}.Release|Any CPU.ActiveCfg = Release|Any CPU
		{9FC02408-4CA1-257A-1BCA-E9C80AF7D14E}.Release|Any CPU.Build.0 = Release|Any CPU
		{2FA04005-B319-18CE-BA32-8B5BF013070E}.Debug|Any CPU.ActiveCfg = Debug|Any CPU
		{2FA04005-B319-18CE-BA32-8B5BF013070E}.Debug|Any CPU.Build.0 = Debug|Any CPU
		{2FA04005-B319-18CE-BA32-8B5BF013070E}.Release|Any CPU.ActiveCfg = Release|Any CPU
		{2FA04005-B319-18CE-BA32-8B5BF013070E}.Release|Any CPU.Build.0 = Release|Any CPU
		{FC7324AE-C15D-03BA-1CB0-08E58AE27D2A}.Debug|Any CPU.ActiveCfg = Debug|Any CPU
		{FC7324AE-C15D-03BA-1CB0-08E58AE27D2A}.Debug|Any CPU.Build.0 = Debug|Any CPU
		{FC7324AE-C15D-03BA-1CB0-08E58AE27D2A}.Release|Any CPU.ActiveCfg = Release|Any CPU
		{FC7324AE-C15D-03BA-1CB0-08E58AE27D2A}.Release|Any CPU.Build.0 = Release|Any CPU
		{5726EBBD-C166-7548-1DFD-3CF29A3EFA8D}.Debug|Any CPU.ActiveCfg = Debug|Any CPU
		{5726EBBD-C166-7548-1DFD-3CF29A3EFA8D}.Debug|Any CPU.Build.0 = Debug|Any CPU
		{5726EBBD-C166-7548-1DFD-3CF29A3EFA8D}.Release|Any CPU.ActiveCfg = Release|Any CPU
		{5726EBBD-C166-7548-1DFD-3CF29A3EFA8D}.Release|Any CPU.Build.0 = Release|Any CPU
		{44EFE722-CB53-E091-8C46-592E12D98CB1}.Debug|Any CPU.ActiveCfg = Debug|Any CPU
		{44EFE722-CB53-E091-8C46-592E12D98CB1}.Debug|Any CPU.Build.0 = Debug|Any CPU
		{44EFE722-CB53-E091-8C46-592E12D98CB1}.Release|Any CPU.ActiveCfg = Release|Any CPU
		{44EFE722-CB53-E091-8C46-592E12D98CB1}.Release|Any CPU.Build.0 = Release|Any CPU
		{A248CC8A-0197-F1E3-F135-803540A1ADEB}.Debug|Any CPU.ActiveCfg = Debug|Any CPU
		{A248CC8A-0197-F1E3-F135-803540A1ADEB}.Debug|Any CPU.Build.0 = Debug|Any CPU
		{A248CC8A-0197-F1E3-F135-803540A1ADEB}.Release|Any CPU.ActiveCfg = Release|Any CPU
		{A248CC8A-0197-F1E3-F135-803540A1ADEB}.Release|Any CPU.Build.0 = Release|Any CPU
		{D5434E43-8401-94C2-B9FA-2F284F2C2A1B}.Debug|Any CPU.ActiveCfg = Debug|Any CPU
		{D5434E43-8401-94C2-B9FA-2F284F2C2A1B}.Debug|Any CPU.Build.0 = Debug|Any CPU
		{D5434E43-8401-94C2-B9FA-2F284F2C2A1B}.Release|Any CPU.ActiveCfg = Release|Any CPU
		{D5434E43-8401-94C2-B9FA-2F284F2C2A1B}.Release|Any CPU.Build.0 = Release|Any CPU
		{C7B3DEA8-9EED-D3C4-5EB8-F76355F0F26C}.Debug|Any CPU.ActiveCfg = Debug|Any CPU
		{C7B3DEA8-9EED-D3C4-5EB8-F76355F0F26C}.Debug|Any CPU.Build.0 = Debug|Any CPU
		{C7B3DEA8-9EED-D3C4-5EB8-F76355F0F26C}.Release|Any CPU.ActiveCfg = Release|Any CPU
		{C7B3DEA8-9EED-D3C4-5EB8-F76355F0F26C}.Release|Any CPU.Build.0 = Release|Any CPU
		{707B1832-7172-1A72-411B-4B131420610C}.Debug|Any CPU.ActiveCfg = Debug|Any CPU
		{707B1832-7172-1A72-411B-4B131420610C}.Debug|Any CPU.Build.0 = Debug|Any CPU
		{707B1832-7172-1A72-411B-4B131420610C}.Release|Any CPU.ActiveCfg = Release|Any CPU
		{707B1832-7172-1A72-411B-4B131420610C}.Release|Any CPU.Build.0 = Release|Any CPU
		{A6A217BF-9263-831E-347E-528A3423364A}.Debug|Any CPU.ActiveCfg = Debug|Any CPU
		{A6A217BF-9263-831E-347E-528A3423364A}.Debug|Any CPU.Build.0 = Debug|Any CPU
		{A6A217BF-9263-831E-347E-528A3423364A}.Release|Any CPU.ActiveCfg = Release|Any CPU
		{A6A217BF-9263-831E-347E-528A3423364A}.Release|Any CPU.Build.0 = Release|Any CPU
		{CB4C61C7-80E8-587F-1FDA-E29F490EF395}.Debug|Any CPU.ActiveCfg = Debug|Any CPU
		{CB4C61C7-80E8-587F-1FDA-E29F490EF395}.Debug|Any CPU.Build.0 = Debug|Any CPU
		{CB4C61C7-80E8-587F-1FDA-E29F490EF395}.Release|Any CPU.ActiveCfg = Release|Any CPU
		{CB4C61C7-80E8-587F-1FDA-E29F490EF395}.Release|Any CPU.Build.0 = Release|Any CPU
		{010C1D12-0AE3-7448-F9B8-0BBCD272C796}.Debug|Any CPU.ActiveCfg = Debug|Any CPU
		{010C1D12-0AE3-7448-F9B8-0BBCD272C796}.Debug|Any CPU.Build.0 = Debug|Any CPU
		{010C1D12-0AE3-7448-F9B8-0BBCD272C796}.Release|Any CPU.ActiveCfg = Release|Any CPU
		{010C1D12-0AE3-7448-F9B8-0BBCD272C796}.Release|Any CPU.Build.0 = Release|Any CPU
		{E9A03443-F62A-02BD-068E-138B2C00DD7A}.Debug|Any CPU.ActiveCfg = Debug|Any CPU
		{E9A03443-F62A-02BD-068E-138B2C00DD7A}.Debug|Any CPU.Build.0 = Debug|Any CPU
		{E9A03443-F62A-02BD-068E-138B2C00DD7A}.Release|Any CPU.ActiveCfg = Release|Any CPU
		{E9A03443-F62A-02BD-068E-138B2C00DD7A}.Release|Any CPU.Build.0 = Release|Any CPU
		{FB536524-0FE2-06EE-7098-21CBE275670B}.Debug|Any CPU.ActiveCfg = Debug|Any CPU
		{FB536524-0FE2-06EE-7098-21CBE275670B}.Debug|Any CPU.Build.0 = Debug|Any CPU
		{FB536524-0FE2-06EE-7098-21CBE275670B}.Release|Any CPU.ActiveCfg = Release|Any CPU
		{FB536524-0FE2-06EE-7098-21CBE275670B}.Release|Any CPU.Build.0 = Release|Any CPU
		{1F8DA50C-D6FE-A985-3E22-AF68D305859F}.Debug|Any CPU.ActiveCfg = Debug|Any CPU
		{1F8DA50C-D6FE-A985-3E22-AF68D305859F}.Debug|Any CPU.Build.0 = Debug|Any CPU
		{1F8DA50C-D6FE-A985-3E22-AF68D305859F}.Release|Any CPU.ActiveCfg = Release|Any CPU
		{1F8DA50C-D6FE-A985-3E22-AF68D305859F}.Release|Any CPU.Build.0 = Release|Any CPU
		{7DE0022F-D795-E5F3-2627-7F44F06BBA6E}.Debug|Any CPU.ActiveCfg = Debug|Any CPU
		{7DE0022F-D795-E5F3-2627-7F44F06BBA6E}.Debug|Any CPU.Build.0 = Debug|Any CPU
		{7DE0022F-D795-E5F3-2627-7F44F06BBA6E}.Release|Any CPU.ActiveCfg = Release|Any CPU
		{7DE0022F-D795-E5F3-2627-7F44F06BBA6E}.Release|Any CPU.Build.0 = Release|Any CPU
		{27FB83DD-6565-7BB9-5157-A6398F3AD895}.Debug|Any CPU.ActiveCfg = Debug|Any CPU
		{27FB83DD-6565-7BB9-5157-A6398F3AD895}.Debug|Any CPU.Build.0 = Debug|Any CPU
		{27FB83DD-6565-7BB9-5157-A6398F3AD895}.Release|Any CPU.ActiveCfg = Release|Any CPU
		{27FB83DD-6565-7BB9-5157-A6398F3AD895}.Release|Any CPU.Build.0 = Release|Any CPU
		{9A6CE57B-F51E-C547-8F1A-AD452897744E}.Debug|Any CPU.ActiveCfg = Debug|Any CPU
		{9A6CE57B-F51E-C547-8F1A-AD452897744E}.Debug|Any CPU.Build.0 = Debug|Any CPU
		{9A6CE57B-F51E-C547-8F1A-AD452897744E}.Release|Any CPU.ActiveCfg = Release|Any CPU
		{9A6CE57B-F51E-C547-8F1A-AD452897744E}.Release|Any CPU.Build.0 = Release|Any CPU
		{44265F70-221E-05FD-4F67-ED163B96F998}.Debug|Any CPU.ActiveCfg = Debug|Any CPU
		{44265F70-221E-05FD-4F67-ED163B96F998}.Debug|Any CPU.Build.0 = Debug|Any CPU
		{44265F70-221E-05FD-4F67-ED163B96F998}.Release|Any CPU.ActiveCfg = Release|Any CPU
		{44265F70-221E-05FD-4F67-ED163B96F998}.Release|Any CPU.Build.0 = Release|Any CPU
		{DA5487B6-8700-5DC6-D984-C19F0C208513}.Debug|Any CPU.ActiveCfg = Debug|Any CPU
		{DA5487B6-8700-5DC6-D984-C19F0C208513}.Debug|Any CPU.Build.0 = Debug|Any CPU
		{DA5487B6-8700-5DC6-D984-C19F0C208513}.Release|Any CPU.ActiveCfg = Release|Any CPU
		{DA5487B6-8700-5DC6-D984-C19F0C208513}.Release|Any CPU.Build.0 = Release|Any CPU
		{735A0208-D2EF-2ED9-16D9-2A20A8C08363}.Debug|Any CPU.ActiveCfg = Debug|Any CPU
		{735A0208-D2EF-2ED9-16D9-2A20A8C08363}.Debug|Any CPU.Build.0 = Debug|Any CPU
		{735A0208-D2EF-2ED9-16D9-2A20A8C08363}.Release|Any CPU.ActiveCfg = Release|Any CPU
		{735A0208-D2EF-2ED9-16D9-2A20A8C08363}.Release|Any CPU.Build.0 = Release|Any CPU
		{D95C4797-1292-44FC-B1D3-E3F02902B541}.Debug|Any CPU.ActiveCfg = Debug|Any CPU
		{D95C4797-1292-44FC-B1D3-E3F02902B541}.Debug|Any CPU.Build.0 = Debug|Any CPU
		{D95C4797-1292-44FC-B1D3-E3F02902B541}.Release|Any CPU.ActiveCfg = Release|Any CPU
		{D95C4797-1292-44FC-B1D3-E3F02902B541}.Release|Any CPU.Build.0 = Release|Any CPU
		{721586B7-C9C0-702C-771F-393F5A655E2A}.Debug|Any CPU.ActiveCfg = Debug|Any CPU
		{721586B7-C9C0-702C-771F-393F5A655E2A}.Debug|Any CPU.Build.0 = Debug|Any CPU
		{721586B7-C9C0-702C-771F-393F5A655E2A}.Release|Any CPU.ActiveCfg = Release|Any CPU
		{721586B7-C9C0-702C-771F-393F5A655E2A}.Release|Any CPU.Build.0 = Release|Any CPU
		{E27E1759-4946-848F-613A-B367AD9DE55A}.Debug|Any CPU.ActiveCfg = Debug|Any CPU
		{E27E1759-4946-848F-613A-B367AD9DE55A}.Debug|Any CPU.Build.0 = Debug|Any CPU
		{E27E1759-4946-848F-613A-B367AD9DE55A}.Release|Any CPU.ActiveCfg = Release|Any CPU
		{E27E1759-4946-848F-613A-B367AD9DE55A}.Release|Any CPU.Build.0 = Release|Any CPU
		{BF997DCB-D774-64D6-778A-9BA92B181A66}.Debug|Any CPU.ActiveCfg = Debug|Any CPU
		{BF997DCB-D774-64D6-778A-9BA92B181A66}.Debug|Any CPU.Build.0 = Debug|Any CPU
		{BF997DCB-D774-64D6-778A-9BA92B181A66}.Release|Any CPU.ActiveCfg = Release|Any CPU
		{BF997DCB-D774-64D6-778A-9BA92B181A66}.Release|Any CPU.Build.0 = Release|Any CPU
		{D58C5C76-4FA0-B300-D2A7-0CF4A94CC5C4}.Debug|Any CPU.ActiveCfg = Debug|Any CPU
		{D58C5C76-4FA0-B300-D2A7-0CF4A94CC5C4}.Debug|Any CPU.Build.0 = Debug|Any CPU
		{D58C5C76-4FA0-B300-D2A7-0CF4A94CC5C4}.Release|Any CPU.ActiveCfg = Release|Any CPU
		{D58C5C76-4FA0-B300-D2A7-0CF4A94CC5C4}.Release|Any CPU.Build.0 = Release|Any CPU
		{140E6BDE-2151-EE31-5533-D41C83D9BABB}.Debug|Any CPU.ActiveCfg = Debug|Any CPU
		{140E6BDE-2151-EE31-5533-D41C83D9BABB}.Debug|Any CPU.Build.0 = Debug|Any CPU
		{140E6BDE-2151-EE31-5533-D41C83D9BABB}.Release|Any CPU.ActiveCfg = Release|Any CPU
		{140E6BDE-2151-EE31-5533-D41C83D9BABB}.Release|Any CPU.Build.0 = Release|Any CPU
		{DFA9B6AC-086F-329A-2D1E-A2F5D95A253E}.Debug|Any CPU.ActiveCfg = Debug|Any CPU
		{DFA9B6AC-086F-329A-2D1E-A2F5D95A253E}.Debug|Any CPU.Build.0 = Debug|Any CPU
		{DFA9B6AC-086F-329A-2D1E-A2F5D95A253E}.Release|Any CPU.ActiveCfg = Release|Any CPU
		{DFA9B6AC-086F-329A-2D1E-A2F5D95A253E}.Release|Any CPU.Build.0 = Release|Any CPU
		{314CD95A-41A3-ED3A-4246-69B580D22467}.Debug|Any CPU.ActiveCfg = Debug|Any CPU
		{314CD95A-41A3-ED3A-4246-69B580D22467}.Debug|Any CPU.Build.0 = Debug|Any CPU
		{314CD95A-41A3-ED3A-4246-69B580D22467}.Release|Any CPU.ActiveCfg = Release|Any CPU
		{314CD95A-41A3-ED3A-4246-69B580D22467}.Release|Any CPU.Build.0 = Release|Any CPU
		{B1CB8B0A-BF97-440A-A341-7CD7CA80E492}.Debug|Any CPU.ActiveCfg = Debug|Any CPU
		{B1CB8B0A-BF97-440A-A341-7CD7CA80E492}.Debug|Any CPU.Build.0 = Debug|Any CPU
		{B1CB8B0A-BF97-440A-A341-7CD7CA80E492}.Release|Any CPU.ActiveCfg = Release|Any CPU
		{B1CB8B0A-BF97-440A-A341-7CD7CA80E492}.Release|Any CPU.Build.0 = Release|Any CPU
		{AE8593DE-F3F8-738B-0B60-E32119A2698D}.Debug|Any CPU.ActiveCfg = Debug|Any CPU
		{AE8593DE-F3F8-738B-0B60-E32119A2698D}.Debug|Any CPU.Build.0 = Debug|Any CPU
		{AE8593DE-F3F8-738B-0B60-E32119A2698D}.Release|Any CPU.ActiveCfg = Release|Any CPU
		{AE8593DE-F3F8-738B-0B60-E32119A2698D}.Release|Any CPU.Build.0 = Release|Any CPU
		{1CCE666C-526E-4410-646C-3B02A5C4EBCE}.Debug|Any CPU.ActiveCfg = Debug|Any CPU
		{1CCE666C-526E-4410-646C-3B02A5C4EBCE}.Debug|Any CPU.Build.0 = Debug|Any CPU
		{1CCE666C-526E-4410-646C-3B02A5C4EBCE}.Release|Any CPU.ActiveCfg = Release|Any CPU
		{1CCE666C-526E-4410-646C-3B02A5C4EBCE}.Release|Any CPU.Build.0 = Release|Any CPU
		{E1A58EEB-074A-A677-8799-E1D845FBC911}.Debug|Any CPU.ActiveCfg = Debug|Any CPU
		{E1A58EEB-074A-A677-8799-E1D845FBC911}.Debug|Any CPU.Build.0 = Debug|Any CPU
		{E1A58EEB-074A-A677-8799-E1D845FBC911}.Release|Any CPU.ActiveCfg = Release|Any CPU
		{E1A58EEB-074A-A677-8799-E1D845FBC911}.Release|Any CPU.Build.0 = Release|Any CPU
	EndGlobalSection
	GlobalSection(SolutionProperties) = preSolution
		HideSolutionNode = FALSE
	EndGlobalSection
EndGlobal
